// !$*UTF8*$!
{
	archiveVersion = 1;
	classes = {
	};
	objectVersion = 46;
	objects = {

/* Begin PBXBuildFile section */
		35292B421DD30C5E008DDB53 /* TextInfoView.m in Sources */ = {isa = PBXBuildFile; fileRef = 35292B411DD30C5E008DDB53 /* TextInfoView.m */; };
		3537DBEC1D9ABF9100DD1E9B /* main.m in Sources */ = {isa = PBXBuildFile; fileRef = 3537DBEB1D9ABF9100DD1E9B /* main.m */; };
		3537DBEF1D9ABF9100DD1E9B /* AppDelegate.m in Sources */ = {isa = PBXBuildFile; fileRef = 3537DBEE1D9ABF9100DD1E9B /* AppDelegate.m */; };
		3537DBF51D9ABF9100DD1E9B /* Main.storyboard in Resources */ = {isa = PBXBuildFile; fileRef = 3537DBF31D9ABF9100DD1E9B /* Main.storyboard */; };
		3537DBF71D9ABF9100DD1E9B /* Assets.xcassets in Resources */ = {isa = PBXBuildFile; fileRef = 3537DBF61D9ABF9100DD1E9B /* Assets.xcassets */; };
		3537DBFA1D9ABF9100DD1E9B /* LaunchScreen.storyboard in Resources */ = {isa = PBXBuildFile; fileRef = 3537DBF81D9ABF9100DD1E9B /* LaunchScreen.storyboard */; };
		3537DC0A1D9AC15C00DD1E9B /* XLsn0wTextCarousel.podspec in Resources */ = {isa = PBXBuildFile; fileRef = 3537DC091D9AC15C00DD1E9B /* XLsn0wTextCarousel.podspec */; };
		35B5B2491D9CBC2100B9F2BD /* DataSourceModel.m in Sources */ = {isa = PBXBuildFile; fileRef = 35B5B2451D9CBC2100B9F2BD /* DataSourceModel.m */; };
		35B5B24A1D9CBC2100B9F2BD /* XLsn0wTextCarousel.m in Sources */ = {isa = PBXBuildFile; fileRef = 35B5B2471D9CBC2100B9F2BD /* XLsn0wTextCarousel.m */; };
		35B5B24C1D9CBC5900B9F2BD /* ViewController.m in Sources */ = {isa = PBXBuildFile; fileRef = 35B5B24B1D9CBC5900B9F2BD /* ViewController.m */; };
		35F92C671D9B9C04007A054F /* XLsn0wHeadlineView.m in Sources */ = {isa = PBXBuildFile; fileRef = 35F92C651D9B9C04007A054F /* XLsn0wHeadlineView.m */; };
		35F92C6F1D9B9C4E007A054F /* XLsn0wUpDownNoticeView.m in Sources */ = {isa = PBXBuildFile; fileRef = 35F92C6E1D9B9C4E007A054F /* XLsn0wUpDownNoticeView.m */; };
		501BB8A335A3774404BF2961 /* libPods-XLsn0wTextCarousel.a in Frameworks */ = {isa = PBXBuildFile; fileRef = F2187C201946FFE5EA4B41C7 /* libPods-XLsn0wTextCarousel.a */; };
/* End PBXBuildFile section */

/* Begin PBXFileReference section */
		35292B411DD30C5E008DDB53 /* TextInfoView.m */ = {isa = PBXFileReference; fileEncoding = 4; lastKnownFileType = sourcecode.c.objc; path = TextInfoView.m; sourceTree = "<group>"; };
		3537DBE71D9ABF9100DD1E9B /* XLsn0wTextCarousel.app */ = {isa = PBXFileReference; explicitFileType = wrapper.application; includeInIndex = 0; path = XLsn0wTextCarousel.app; sourceTree = BUILT_PRODUCTS_DIR; };
		3537DBEB1D9ABF9100DD1E9B /* main.m */ = {isa = PBXFileReference; lastKnownFileType = sourcecode.c.objc; path = main.m; sourceTree = "<group>"; };
		3537DBED1D9ABF9100DD1E9B /* AppDelegate.h */ = {isa = PBXFileReference; lastKnownFileType = sourcecode.c.h; path = AppDelegate.h; sourceTree = "<group>"; };
		3537DBEE1D9ABF9100DD1E9B /* AppDelegate.m */ = {isa = PBXFileReference; lastKnownFileType = sourcecode.c.objc; path = AppDelegate.m; sourceTree = "<group>"; };
		3537DBF01D9ABF9100DD1E9B /* ViewController.h */ = {isa = PBXFileReference; lastKnownFileType = sourcecode.c.h; path = ViewController.h; sourceTree = "<group>"; };
		3537DBF41D9ABF9100DD1E9B /* Base */ = {isa = PBXFileReference; lastKnownFileType = file.storyboard; name = Base; path = Base.lproj/Main.storyboard; sourceTree = "<group>"; };
		3537DBF61D9ABF9100DD1E9B /* Assets.xcassets */ = {isa = PBXFileReference; lastKnownFileType = folder.assetcatalog; path = Assets.xcassets; sourceTree = "<group>"; };
		3537DBF91D9ABF9100DD1E9B /* Base */ = {isa = PBXFileReference; lastKnownFileType = file.storyboard; name = Base; path = Base.lproj/LaunchScreen.storyboard; sourceTree = "<group>"; };
		3537DBFB1D9ABF9100DD1E9B /* Info.plist */ = {isa = PBXFileReference; lastKnownFileType = text.plist.xml; path = Info.plist; sourceTree = "<group>"; };
		3537DC091D9AC15C00DD1E9B /* XLsn0wTextCarousel.podspec */ = {isa = PBXFileReference; fileEncoding = 4; lastKnownFileType = text; path = XLsn0wTextCarousel.podspec; sourceTree = "<group>"; };
		3537DC0B1D9AC1C700DD1E9B /* XLsn0wTextCarouselKit.h */ = {isa = PBXFileReference; fileEncoding = 4; lastKnownFileType = sourcecode.c.h; path = XLsn0wTextCarouselKit.h; sourceTree = "<group>"; };
		35B5B2421D9CBC2100B9F2BD /* TextInfoView.h */ = {isa = PBXFileReference; fileEncoding = 4; lastKnownFileType = sourcecode.c.h; path = TextInfoView.h; sourceTree = "<group>"; };
		35B5B2441D9CBC2100B9F2BD /* DataSourceModel.h */ = {isa = PBXFileReference; fileEncoding = 4; lastKnownFileType = sourcecode.c.h; path = DataSourceModel.h; sourceTree = "<group>"; };
		35B5B2451D9CBC2100B9F2BD /* DataSourceModel.m */ = {isa = PBXFileReference; fileEncoding = 4; lastKnownFileType = sourcecode.c.objc; path = DataSourceModel.m; sourceTree = "<group>"; };
		35B5B2461D9CBC2100B9F2BD /* XLsn0wTextCarousel.h */ = {isa = PBXFileReference; fileEncoding = 4; lastKnownFileType = sourcecode.c.h; path = XLsn0wTextCarousel.h; sourceTree = "<group>"; };
		35B5B2471D9CBC2100B9F2BD /* XLsn0wTextCarousel.m */ = {isa = PBXFileReference; fileEncoding = 4; lastKnownFileType = sourcecode.c.objc; path = XLsn0wTextCarousel.m; sourceTree = "<group>"; };
		35B5B24B1D9CBC5900B9F2BD /* ViewController.m */ = {isa = PBXFileReference; fileEncoding = 4; lastKnownFileType = sourcecode.c.objc; path = ViewController.m; sourceTree = "<group>"; };
		35F92C641D9B9C04007A054F /* XLsn0wHeadlineView.h */ = {isa = PBXFileReference; fileEncoding = 4; lastKnownFileType = sourcecode.c.h; path = XLsn0wHeadlineView.h; sourceTree = "<group>"; };
		35F92C651D9B9C04007A054F /* XLsn0wHeadlineView.m */ = {isa = PBXFileReference; fileEncoding = 4; lastKnownFileType = sourcecode.c.objc; path = XLsn0wHeadlineView.m; sourceTree = "<group>"; };
		35F92C6D1D9B9C4E007A054F /* XLsn0wUpDownNoticeView.h */ = {isa = PBXFileReference; fileEncoding = 4; lastKnownFileType = sourcecode.c.h; path = XLsn0wUpDownNoticeView.h; sourceTree = "<group>"; };
		35F92C6E1D9B9C4E007A054F /* XLsn0wUpDownNoticeView.m */ = {isa = PBXFileReference; fileEncoding = 4; lastKnownFileType = sourcecode.c.objc; path = XLsn0wUpDownNoticeView.m; sourceTree = "<group>"; };
		718B63FB3BA5C12B3DFED8AA /* Pods-XLsn0wTextCarousel.debug.xcconfig */ = {isa = PBXFileReference; includeInIndex = 1; lastKnownFileType = text.xcconfig; name = "Pods-XLsn0wTextCarousel.debug.xcconfig"; path = "Pods/Target Support Files/Pods-XLsn0wTextCarousel/Pods-XLsn0wTextCarousel.debug.xcconfig"; sourceTree = "<group>"; };
		9C78F1DA941379F408A17582 /* Pods-XLsn0wTextCarousel.release.xcconfig */ = {isa = PBXFileReference; includeInIndex = 1; lastKnownFileType = text.xcconfig; name = "Pods-XLsn0wTextCarousel.release.xcconfig"; path = "Pods/Target Support Files/Pods-XLsn0wTextCarousel/Pods-XLsn0wTextCarousel.release.xcconfig"; sourceTree = "<group>"; };
		F2187C201946FFE5EA4B41C7 /* libPods-XLsn0wTextCarousel.a */ = {isa = PBXFileReference; explicitFileType = archive.ar; includeInIndex = 0; path = "libPods-XLsn0wTextCarousel.a"; sourceTree = BUILT_PRODUCTS_DIR; };
/* End PBXFileReference section */

/* Begin PBXFrameworksBuildPhase section */
		3537DBE41D9ABF9100DD1E9B /* Frameworks */ = {
			isa = PBXFrameworksBuildPhase;
			buildActionMask = 2147483647;
			files = (
				501BB8A335A3774404BF2961 /* libPods-XLsn0wTextCarousel.a in Frameworks */,
			);
			runOnlyForDeploymentPostprocessing = 0;
		};
/* End PBXFrameworksBuildPhase section */

/* Begin PBXGroup section */
		337EFD8CA66BFD3C11DFF8E1 /* Frameworks */ = {
			isa = PBXGroup;
			children = (
				F2187C201946FFE5EA4B41C7 /* libPods-XLsn0wTextCarousel.a */,
			);
			name = Frameworks;
			sourceTree = "<group>";
		};
		3537DBDE1D9ABF9100DD1E9B = {
			isa = PBXGroup;
			children = (
				3537DC011D9AC00300DD1E9B /* XLsn0w */,
				3537DBE91D9ABF9100DD1E9B /* XLsn0wTextCarousel */,
				3537DBE81D9ABF9100DD1E9B /* Products */,
				478B782DEA15A52EDF785D34 /* Pods */,
				337EFD8CA66BFD3C11DFF8E1 /* Frameworks */,
			);
			sourceTree = "<group>";
		};
		3537DBE81D9ABF9100DD1E9B /* Products */ = {
			isa = PBXGroup;
			children = (
				3537DBE71D9ABF9100DD1E9B /* XLsn0wTextCarousel.app */,
			);
			name = Products;
			sourceTree = "<group>";
		};
		3537DBE91D9ABF9100DD1E9B /* XLsn0wTextCarousel */ = {
			isa = PBXGroup;
			children = (
				3537DBED1D9ABF9100DD1E9B /* AppDelegate.h */,
				3537DBEE1D9ABF9100DD1E9B /* AppDelegate.m */,
				3537DBF01D9ABF9100DD1E9B /* ViewController.h */,
				35B5B24B1D9CBC5900B9F2BD /* ViewController.m */,
				3537DBF31D9ABF9100DD1E9B /* Main.storyboard */,
				3537DBF61D9ABF9100DD1E9B /* Assets.xcassets */,
				3537DBF81D9ABF9100DD1E9B /* LaunchScreen.storyboard */,
				3537DBFB1D9ABF9100DD1E9B /* Info.plist */,
				3537DBEA1D9ABF9100DD1E9B /* Supporting Files */,
			);
			path = XLsn0wTextCarousel;
			sourceTree = "<group>";
		};
		3537DBEA1D9ABF9100DD1E9B /* Supporting Files */ = {
			isa = PBXGroup;
			children = (
				3537DBEB1D9ABF9100DD1E9B /* main.m */,
			);
			name = "Supporting Files";
			sourceTree = "<group>";
		};
		3537DC011D9AC00300DD1E9B /* XLsn0w */ = {
			isa = PBXGroup;
			children = (
				3537DC091D9AC15C00DD1E9B /* XLsn0wTextCarousel.podspec */,
				3537DC0B1D9AC1C700DD1E9B /* XLsn0wTextCarouselKit.h */,
				35F92C601D9B9C04007A054F /* XLsn0wTextCarousel */,
				35F92C631D9B9C04007A054F /* XLsn0wHeadlineView */,
				35F92C6C1D9B9C4E007A054F /* XLsn0wUpDownNoticeView */,
			);
			path = XLsn0w;
			sourceTree = "<group>";
		};
		35F92C601D9B9C04007A054F /* XLsn0wTextCarousel */ = {
			isa = PBXGroup;
			children = (
				35B5B2461D9CBC2100B9F2BD /* XLsn0wTextCarousel.h */,
				35B5B2471D9CBC2100B9F2BD /* XLsn0wTextCarousel.m */,
				35B5B2421D9CBC2100B9F2BD /* TextInfoView.h */,
				35292B411DD30C5E008DDB53 /* TextInfoView.m */,
				35B5B2441D9CBC2100B9F2BD /* DataSourceModel.h */,
				35B5B2451D9CBC2100B9F2BD /* DataSourceModel.m */,
			);
			path = XLsn0wTextCarousel;
			sourceTree = "<group>";
		};
		35F92C631D9B9C04007A054F /* XLsn0wHeadlineView */ = {
			isa = PBXGroup;
			children = (
				35F92C641D9B9C04007A054F /* XLsn0wHeadlineView.h */,
				35F92C651D9B9C04007A054F /* XLsn0wHeadlineView.m */,
			);
			path = XLsn0wHeadlineView;
			sourceTree = "<group>";
		};
		35F92C6C1D9B9C4E007A054F /* XLsn0wUpDownNoticeView */ = {
			isa = PBXGroup;
			children = (
				35F92C6D1D9B9C4E007A054F /* XLsn0wUpDownNoticeView.h */,
				35F92C6E1D9B9C4E007A054F /* XLsn0wUpDownNoticeView.m */,
			);
			path = XLsn0wUpDownNoticeView;
			sourceTree = "<group>";
		};
		478B782DEA15A52EDF785D34 /* Pods */ = {
			isa = PBXGroup;
			children = (
				718B63FB3BA5C12B3DFED8AA /* Pods-XLsn0wTextCarousel.debug.xcconfig */,
				9C78F1DA941379F408A17582 /* Pods-XLsn0wTextCarousel.release.xcconfig */,
			);
			name = Pods;
			sourceTree = "<group>";
		};
/* End PBXGroup section */

/* Begin PBXNativeTarget section */
		3537DBE61D9ABF9100DD1E9B /* XLsn0wTextCarousel */ = {
			isa = PBXNativeTarget;
			buildConfigurationList = 3537DBFE1D9ABF9100DD1E9B /* Build configuration list for PBXNativeTarget "XLsn0wTextCarousel" */;
			buildPhases = (
				FB3DCAF5EDEADD09E7705927 /* [CP] Check Pods Manifest.lock */,
				3537DBE31D9ABF9100DD1E9B /* Sources */,
				3537DBE41D9ABF9100DD1E9B /* Frameworks */,
				3537DBE51D9ABF9100DD1E9B /* Resources */,
				9D1B4E93B55DA807A8AA9444 /* [CP] Embed Pods Frameworks */,
				1BFF314DE75EADFB20B15E78 /* [CP] Copy Pods Resources */,
			);
			buildRules = (
			);
			dependencies = (
			);
			name = XLsn0wTextCarousel;
			productName = XLsn0wTextCarousel;
			productReference = 3537DBE71D9ABF9100DD1E9B /* XLsn0wTextCarousel.app */;
			productType = "com.apple.product-type.application";
		};
/* End PBXNativeTarget section */

/* Begin PBXProject section */
		3537DBDF1D9ABF9100DD1E9B /* Project object */ = {
			isa = PBXProject;
			attributes = {
				LastUpgradeCheck = 0730;
				ORGANIZATIONNAME = XLsn0w;
				TargetAttributes = {
					3537DBE61D9ABF9100DD1E9B = {
						CreatedOnToolsVersion = 7.3.1;
					};
				};
			};
			buildConfigurationList = 3537DBE21D9ABF9100DD1E9B /* Build configuration list for PBXProject "XLsn0wTextCarousel" */;
			compatibilityVersion = "Xcode 3.2";
			developmentRegion = English;
			hasScannedForEncodings = 0;
			knownRegions = (
				en,
				Base,
			);
			mainGroup = 3537DBDE1D9ABF9100DD1E9B;
			productRefGroup = 3537DBE81D9ABF9100DD1E9B /* Products */;
			projectDirPath = "";
			projectRoot = "";
			targets = (
				3537DBE61D9ABF9100DD1E9B /* XLsn0wTextCarousel */,
			);
		};
/* End PBXProject section */

/* Begin PBXResourcesBuildPhase section */
		3537DBE51D9ABF9100DD1E9B /* Resources */ = {
			isa = PBXResourcesBuildPhase;
			buildActionMask = 2147483647;
			files = (
				3537DBFA1D9ABF9100DD1E9B /* LaunchScreen.storyboard in Resources */,
				3537DBF71D9ABF9100DD1E9B /* Assets.xcassets in Resources */,
				3537DC0A1D9AC15C00DD1E9B /* XLsn0wTextCarousel.podspec in Resources */,
				3537DBF51D9ABF9100DD1E9B /* Main.storyboard in Resources */,
			);
			runOnlyForDeploymentPostprocessing = 0;
		};
/* End PBXResourcesBuildPhase section */

/* Begin PBXShellScriptBuildPhase section */
		1BFF314DE75EADFB20B15E78 /* [CP] Copy Pods Resources */ = {
			isa = PBXShellScriptBuildPhase;
			buildActionMask = 2147483647;
			files = (
			);
			inputPaths = (
			);
			name = "[CP] Copy Pods Resources";
			outputPaths = (
			);
			runOnlyForDeploymentPostprocessing = 0;
			shellPath = /bin/sh;
			shellScript = "\"${SRCROOT}/Pods/Target Support Files/Pods-XLsn0wTextCarousel/Pods-XLsn0wTextCarousel-resources.sh\"\n";
			showEnvVarsInLog = 0;
		};
		9D1B4E93B55DA807A8AA9444 /* [CP] Embed Pods Frameworks */ = {
			isa = PBXShellScriptBuildPhase;
			buildActionMask = 2147483647;
			files = (
			);
			inputPaths = (
			);
			name = "[CP] Embed Pods Frameworks";
			outputPaths = (
			);
			runOnlyForDeploymentPostprocessing = 0;
			shellPath = /bin/sh;
			shellScript = "\"${SRCROOT}/Pods/Target Support Files/Pods-XLsn0wTextCarousel/Pods-XLsn0wTextCarousel-frameworks.sh\"\n";
			showEnvVarsInLog = 0;
		};
		FB3DCAF5EDEADD09E7705927 /* [CP] Check Pods Manifest.lock */ = {
			isa = PBXShellScriptBuildPhase;
			buildActionMask = 2147483647;
			files = (
			);
			inputPaths = (
			);
			name = "[CP] Check Pods Manifest.lock";
			outputPaths = (
			);
			runOnlyForDeploymentPostprocessing = 0;
			shellPath = /bin/sh;
			shellScript = "diff \"${PODS_ROOT}/../Podfile.lock\" \"${PODS_ROOT}/Manifest.lock\" > /dev/null\nif [ $? != 0 ] ; then\n    # print error to STDERR\n    echo \"error: The sandbox is not in sync with the Podfile.lock. Run 'pod install' or update your CocoaPods installation.\" >&2\n    exit 1\nfi\n";
			showEnvVarsInLog = 0;
		};
/* End PBXShellScriptBuildPhase section */

/* Begin PBXSourcesBuildPhase section */
		3537DBE31D9ABF9100DD1E9B /* Sources */ = {
			isa = PBXSourcesBuildPhase;
			buildActionMask = 2147483647;
			files = (
				3537DBEF1D9ABF9100DD1E9B /* AppDelegate.m in Sources */,
				35B5B24A1D9CBC2100B9F2BD /* XLsn0wTextCarousel.m in Sources */,
				35B5B24C1D9CBC5900B9F2BD /* ViewController.m in Sources */,
				35F92C6F1D9B9C4E007A054F /* XLsn0wUpDownNoticeView.m in Sources */,
				35F92C671D9B9C04007A054F /* XLsn0wHeadlineView.m in Sources */,
				35292B421DD30C5E008DDB53 /* TextInfoView.m in Sources */,
				35B5B2491D9CBC2100B9F2BD /* DataSourceModel.m in Sources */,
				3537DBEC1D9ABF9100DD1E9B /* main.m in Sources */,
			);
			runOnlyForDeploymentPostprocessing = 0;
		};
/* End PBXSourcesBuildPhase section */

/* Begin PBXVariantGroup section */
		3537DBF31D9ABF9100DD1E9B /* Main.storyboard */ = {
			isa = PBXVariantGroup;
			children = (
				3537DBF41D9ABF9100DD1E9B /* Base */,
			);
			name = Main.storyboard;
			sourceTree = "<group>";
		};
		3537DBF81D9ABF9100DD1E9B /* LaunchScreen.storyboard */ = {
			isa = PBXVariantGroup;
			children = (
				3537DBF91D9ABF9100DD1E9B /* Base */,
			);
			name = LaunchScreen.storyboard;
			sourceTree = "<group>";
		};
/* End PBXVariantGroup section */

/* Begin XCBuildConfiguration section */
		3537DBFC1D9ABF9100DD1E9B /* Debug */ = {
			isa = XCBuildConfiguration;
			buildSettings = {
				ALWAYS_SEARCH_USER_PATHS = NO;
				CLANG_ANALYZER_NONNULL = YES;
				CLANG_CXX_LANGUAGE_STANDARD = "gnu++0x";
				CLANG_CXX_LIBRARY = "libc++";
				CLANG_ENABLE_MODULES = YES;
				CLANG_ENABLE_OBJC_ARC = YES;
				CLANG_WARN_BOOL_CONVERSION = YES;
				CLANG_WARN_CONSTANT_CONVERSION = YES;
				CLANG_WARN_DIRECT_OBJC_ISA_USAGE = YES_ERROR;
				CLANG_WARN_EMPTY_BODY = YES;
				CLANG_WARN_ENUM_CONVERSION = YES;
				CLANG_WARN_INT_CONVERSION = YES;
				CLANG_WARN_OBJC_ROOT_CLASS = YES_ERROR;
				CLANG_WARN_UNREACHABLE_CODE = YES;
				CLANG_WARN__DUPLICATE_METHOD_MATCH = YES;
				"CODE_SIGN_IDENTITY[sdk=iphoneos*]" = "iPhone Developer";
				COPY_PHASE_STRIP = NO;
				DEBUG_INFORMATION_FORMAT = dwarf;
				ENABLE_STRICT_OBJC_MSGSEND = YES;
				ENABLE_TESTABILITY = YES;
				GCC_C_LANGUAGE_STANDARD = gnu99;
				GCC_DYNAMIC_NO_PIC = NO;
				GCC_NO_COMMON_BLOCKS = YES;
				GCC_OPTIMIZATION_LEVEL = 0;
				GCC_PREPROCESSOR_DEFINITIONS = (
					"DEBUG=1",
					"$(inherited)",
				);
				GCC_WARN_64_TO_32_BIT_CONVERSION = YES;
				GCC_WARN_ABOUT_RETURN_TYPE = YES_ERROR;
				GCC_WARN_UNDECLARED_SELECTOR = YES;
				GCC_WARN_UNINITIALIZED_AUTOS = YES_AGGRESSIVE;
				GCC_WARN_UNUSED_FUNCTION = YES;
				GCC_WARN_UNUSED_VARIABLE = YES;
				IPHONEOS_DEPLOYMENT_TARGET = 9.3;
				MTL_ENABLE_DEBUG_INFO = YES;
				ONLY_ACTIVE_ARCH = YES;
				SDKROOT = iphoneos;
			};
			name = Debug;
		};
		3537DBFD1D9ABF9100DD1E9B /* Release */ = {
			isa = XCBuildConfiguration;
			buildSettings = {
				ALWAYS_SEARCH_USER_PATHS = NO;
				CLANG_ANALYZER_NONNULL = YES;
				CLANG_CXX_LANGUAGE_STANDARD = "gnu++0x";
				CLANG_CXX_LIBRARY = "libc++";
				CLANG_ENABLE_MODULES = YES;
				CLANG_ENABLE_OBJC_ARC = YES;
				CLANG_WARN_BOOL_CONVERSION = YES;
				CLANG_WARN_CONSTANT_CONVERSION = YES;
				CLANG_WARN_DIRECT_OBJC_ISA_USAGE = YES_ERROR;
				CLANG_WARN_EMPTY_BODY = YES;
				CLANG_WARN_ENUM_CONVERSION = YES;
				CLANG_WARN_INT_CONVERSION = YES;
				CLANG_WARN_OBJC_ROOT_CLASS = YES_ERROR;
				CLANG_WARN_UNREACHABLE_CODE = YES;
				CLANG_WARN__DUPLICATE_METHOD_MATCH = YES;
				"CODE_SIGN_IDENTITY[sdk=iphoneos*]" = "iPhone Developer";
				COPY_PHASE_STRIP = NO;
				DEBUG_INFORMATION_FORMAT = "dwarf-with-dsym";
				ENABLE_NS_ASSERTIONS = NO;
				ENABLE_STRICT_OBJC_MSGSEND = YES;
				GCC_C_LANGUAGE_STANDARD = gnu99;
				GCC_NO_COMMON_BLOCKS = YES;
				GCC_WARN_64_TO_32_BIT_CONVERSION = YES;
				GCC_WARN_ABOUT_RETURN_TYPE = YES_ERROR;
				GCC_WARN_UNDECLARED_SELECTOR = YES;
				GCC_WARN_UNINITIALIZED_AUTOS = YES_AGGRESSIVE;
				GCC_WARN_UNUSED_FUNCTION = YES;
				GCC_WARN_UNUSED_VARIABLE = YES;
				IPHONEOS_DEPLOYMENT_TARGET = 9.3;
				MTL_ENABLE_DEBUG_INFO = NO;
				SDKROOT = iphoneos;
				VALIDATE_PRODUCT = YES;
			};
			name = Release;
		};
		3537DBFF1D9ABF9100DD1E9B /* Debug */ = {
			isa = XCBuildConfiguration;
			baseConfigurationReference = 718B63FB3BA5C12B3DFED8AA /* Pods-XLsn0wTextCarousel.debug.xcconfig */;
			buildSettings = {
				ASSETCATALOG_COMPILER_APPICON_NAME = AppIcon;
				INFOPLIST_FILE = XLsn0wTextCarousel/Info.plist;
				IPHONEOS_DEPLOYMENT_TARGET = 8.0;
				LD_RUNPATH_SEARCH_PATHS = "$(inherited) @executable_path/Frameworks";
				PRODUCT_BUNDLE_IDENTIFIER = com.xlsn0w.XLsn0wTextCarousel;
				PRODUCT_NAME = "$(TARGET_NAME)";
			};
			name = Debug;
		};
		3537DC001D9ABF9100DD1E9B /* Release */ = {
			isa = XCBuildConfiguration;
			baseConfigurationReference = 9C78F1DA941379F408A17582 /* Pods-XLsn0wTextCarousel.release.xcconfig */;
			buildSettings = {
				ASSETCATALOG_COMPILER_APPICON_NAME = AppIcon;
				INFOPLIST_FILE = XLsn0wTextCarousel/Info.plist;
				IPHONEOS_DEPLOYMENT_TARGET = 8.0;
				LD_RUNPATH_SEARCH_PATHS = "$(inherited) @executable_path/Frameworks";
				PRODUCT_BUNDLE_IDENTIFIER = com.xlsn0w.XLsn0wTextCarousel;
				PRODUCT_NAME = "$(TARGET_NAME)";
			};
			name = Release;
		};
/* End XCBuildConfiguration section */

/* Begin XCConfigurationList section */
		3537DBE21D9ABF9100DD1E9B /* Build configuration list for PBXProject "XLsn0wTextCarousel" */ = {
			isa = XCConfigurationList;
			buildConfigurations = (
				3537DBFC1D9ABF9100DD1E9B /* Debug */,
				3537DBFD1D9ABF9100DD1E9B /* Release */,
			);
			defaultConfigurationIsVisible = 0;
			defaultConfigurationName = Release;
		};
		3537DBFE1D9ABF9100DD1E9B /* Build configuration list for PBXNativeTarget "XLsn0wTextCarousel" */ = {
			isa = XCConfigurationList;
			buildConfigurations = (
				3537DBFF1D9ABF9100DD1E9B /* Debug */,
				3537DC001D9ABF9100DD1E9B /* Release */,
			);
			defaultConfigurationIsVisible = 0;
			defaultConfigurationName = Release;
		};
/* End XCConfigurationList section */
	};
	rootObject = 3537DBDF1D9ABF9100DD1E9B /* Project object */;
}
